// !$*UTF8*$!
{
	archiveVersion = 1;
	classes = {
	};
	objectVersion = 46;
	objects = {

/* Begin PBXBuildFile section */
		7D139A561D8DE13400F92686 /* ViewController.swift in Sources */ = {isa = PBXBuildFile; fileRef = 7D139A551D8DE13400F92686 /* ViewController.swift */; };
		B756B9E81D16723D0041C040 /* LightBulb.png in Resources */ = {isa = PBXBuildFile; fileRef = B756B9E71D16723D0041C040 /* LightBulb.png */; };
		B765130B1D166F41004CC145 /* AppDelegate.swift in Sources */ = {isa = PBXBuildFile; fileRef = B765130A1D166F41004CC145 /* AppDelegate.swift */; };
		B76513101D166F41004CC145 /* Main.storyboard in Resources */ = {isa = PBXBuildFile; fileRef = B765130E1D166F41004CC145 /* Main.storyboard */; };
		B76513121D166F41004CC145 /* Assets.xcassets in Resources */ = {isa = PBXBuildFile; fileRef = B76513111D166F41004CC145 /* Assets.xcassets */; };
		B76513151D166F41004CC145 /* LaunchScreen.storyboard in Resources */ = {isa = PBXBuildFile; fileRef = B76513131D166F41004CC145 /* LaunchScreen.storyboard */; };
/* End PBXBuildFile section */

/* Begin PBXFileReference section */
		7D139A551D8DE13400F92686 /* ViewController.swift */ = {isa = PBXFileReference; fileEncoding = 4; lastKnownFileType = sourcecode.swift; path = ViewController.swift; sourceTree = "<group>"; };
		B756B9E71D16723D0041C040 /* LightBulb.png */ = {isa = PBXFileReference; lastKnownFileType = image.png; path = LightBulb.png; sourceTree = "<group>"; };
		B76513071D166F41004CC145 /* LightBulb.app */ = {isa = PBXFileReference; explicitFileType = wrapper.application; includeInIndex = 0; path = LightBulb.app; sourceTree = BUILT_PRODUCTS_DIR; };
		B765130A1D166F41004CC145 /* AppDelegate.swift */ = {isa = PBXFileReference; lastKnownFileType = sourcecode.swift; path = AppDelegate.swift; sourceTree = "<group>"; };
		B765130F1D166F41004CC145 /* Base */ = {isa = PBXFileReference; lastKnownFileType = file.storyboard; name = Base; path = Base.lproj/Main.storyboard; sourceTree = "<group>"; };
		B76513111D166F41004CC145 /* Assets.xcassets */ = {isa = PBXFileReference; lastKnownFileType = folder.assetcatalog; path = Assets.xcassets; sourceTree = "<group>"; };
		B76513141D166F41004CC145 /* Base */ = {isa = PBXFileReference; lastKnownFileType = file.storyboard; name = Base; path = Base.lproj/LaunchScreen.storyboard; sourceTree = "<group>"; };
		B76513161D166F41004CC145 /* Info.plist */ = {isa = PBXFileReference; lastKnownFileType = text.plist.xml; path = Info.plist; sourceTree = "<group>"; };
/* End PBXFileReference section */

/* Begin PBXFrameworksBuildPhase section */
		B76513041D166F41004CC145 /* Frameworks */ = {
			isa = PBXFrameworksBuildPhase;
			buildActionMask = 2147483647;
			files = (
			);
			runOnlyForDeploymentPostprocessing = 0;
		};
/* End PBXFrameworksBuildPhase section */

/* Begin PBXGroup section */
		B76512FE1D166F41004CC145 = {
			isa = PBXGroup;
			children = (
				B76513091D166F41004CC145 /* LightBulb */,
				B76513081D166F41004CC145 /* Products */,
			);
			sourceTree = "<group>";
		};
		B76513081D166F41004CC145 /* Products */ = {
			isa = PBXGroup;
			children = (
				B76513071D166F41004CC145 /* LightBulb.app */,
			);
			name = Products;
			sourceTree = "<group>";
		};
		B76513091D166F41004CC145 /* LightBulb */ = {
			isa = PBXGroup;
			children = (
				B765130A1D166F41004CC145 /* AppDelegate.swift */,
				7D139A551D8DE13400F92686 /* ViewController.swift */,
				B765130E1D166F41004CC145 /* Main.storyboard */,
				B76513111D166F41004CC145 /* Assets.xcassets */,
				B76513131D166F41004CC145 /* LaunchScreen.storyboard */,
				B76513161D166F41004CC145 /* Info.plist */,
				B756B9E71D16723D0041C040 /* LightBulb.png */,
			);
			path = LightBulb;
			sourceTree = "<group>";
		};
/* End PBXGroup section */

/* Begin PBXNativeTarget section */
		B76513061D166F41004CC145 /* LightBulb */ = {
			isa = PBXNativeTarget;
			buildConfigurationList = B76513191D166F41004CC145 /* Build configuration list for PBXNativeTarget "LightBulb" */;
			buildPhases = (
				B76513031D166F41004CC145 /* Sources */,
				B76513041D166F41004CC145 /* Frameworks */,
				B76513051D166F41004CC145 /* Resources */,
			);
			buildRules = (
			);
			dependencies = (
			);
			name = LightBulb;
			productName = LightBulb;
			productReference = B76513071D166F41004CC145 /* LightBulb.app */;
			productType = "com.apple.product-type.application";
		};
/* End PBXNativeTarget section */

/* Begin PBXProject section */
		B76512FF1D166F41004CC145 /* Project object */ = {
			isa = PBXProject;
			attributes = {
				LastSwiftUpdateCheck = 0730;
				LastUpgradeCheck = 0730;
				ORGANIZATIONNAME = "Flatiron School";
				TargetAttributes = {
					B76513061D166F41004CC145 = {
						CreatedOnToolsVersion = 7.3.1;
						DevelopmentTeam = JL54VFJL37;
						LastSwiftMigration = 0800;
					};
				};
			};
			buildConfigurationList = B76513021D166F41004CC145 /* Build configuration list for PBXProject "LightBulb" */;
			compatibilityVersion = "Xcode 3.2";
			developmentRegion = English;
			hasScannedForEncodings = 0;
			knownRegions = (
				en,
				Base,
			);
			mainGroup = B76512FE1D166F41004CC145;
			productRefGroup = B76513081D166F41004CC145 /* Products */;
			projectDirPath = "";
			projectRoot = "";
			targets = (
				B76513061D166F41004CC145 /* LightBulb */,
			);
		};
/* End PBXProject section */

/* Begin PBXResourcesBuildPhase section */
		B76513051D166F41004CC145 /* Resources */ = {
			isa = PBXResourcesBuildPhase;
			buildActionMask = 2147483647;
			files = (
				B76513151D166F41004CC145 /* LaunchScreen.storyboard in Resources */,
				B756B9E81D16723D0041C040 /* LightBulb.png in Resources */,
				B76513121D166F41004CC145 /* Assets.xcassets in Resources */,
				B76513101D166F41004CC145 /* Main.storyboard in Resources */,
			);
			runOnlyForDeploymentPostprocessing = 0;
		};
/* End PBXResourcesBuildPhase section */

/* Begin PBXSourcesBuildPhase section */
		B76513031D166F41004CC145 /* Sources */ = {
			isa = PBXSourcesBuildPhase;
			buildActionMask = 2147483647;
			files = (
				7D139A561D8DE13400F92686 /* ViewController.swift in Sources */,
				B765130B1D166F41004CC145 /* AppDelegate.swift in Sources */,
			);
			runOnlyForDeploymentPostprocessing = 0;
		};
/* End PBXSourcesBuildPhase section */

/* Begin PBXVariantGroup section */
		B765130E1D166F41004CC145 /* Main.storyboard */ = {
			isa = PBXVariantGroup;
			children = (
				B765130F1D166F41004CC145 /* Base */,
			);
			name = Main.storyboard;
			sourceTree = "<group>";
		};
		B76513131D166F41004CC145 /* LaunchScreen.storyboard */ = {
			isa = PBXVariantGroup;
			children = (
				B76513141D166F41004CC145 /* Base */,
			);
			name = LaunchScreen.storyboard;
			sourceTree = "<group>";
		};
/* End PBXVariantGroup section */

/* Begin XCBuildConfiguration section */
		B76513171D166F41004CC145 /* Debug */ = {
			isa = XCBuildConfiguration;
			buildSettings = {
				ALWAYS_SEARCH_USER_PATHS = NO;
				CLANG_ANALYZER_NONNULL = YES;
				CLANG_CXX_LANGUAGE_STANDARD = "gnu++0x";
				CLANG_CXX_LIBRARY = "libc++";
				CLANG_ENABLE_MODULES = YES;
				CLANG_ENABLE_OBJC_ARC = YES;
				CLANG_WARN_BOOL_CONVERSION = YES;
				CLANG_WARN_CONSTANT_CONVERSION = YES;
				CLANG_WARN_DIRECT_OBJC_ISA_USAGE = YES_ERROR;
				CLANG_WARN_EMPTY_BODY = YES;
				CLANG_WARN_ENUM_CONVERSION = YES;
				CLANG_WARN_INT_CONVERSION = YES;
				CLANG_WARN_OBJC_ROOT_CLASS = YES_ERROR;
				CLANG_WARN_UNREACHABLE_CODE = YES;
				CLANG_WARN__DUPLICATE_METHOD_MATCH = YES;
				"CODE_SIGN_IDENTITY[sdk=iphoneos*]" = "iPhone Developer";
				COPY_PHASE_STRIP = NO;
				DEBUG_INFORMATION_FORMAT = dwarf;
				ENABLE_STRICT_OBJC_MSGSEND = YES;
				ENABLE_TESTABILITY = YES;
				GCC_C_LANGUAGE_STANDARD = gnu99;
				GCC_DYNAMIC_NO_PIC = NO;
				GCC_NO_COMMON_BLOCKS = YES;
				GCC_OPTIMIZATION_LEVEL = 0;
				GCC_PREPROCESSOR_DEFINITIONS = (
					"DEBUG=1",
					"$(inherited)",
				);
				GCC_WARN_64_TO_32_BIT_CONVERSION = YES;
				GCC_WARN_ABOUT_RETURN_TYPE = YES_ERROR;
				GCC_WARN_UNDECLARED_SELECTOR = YES;
				GCC_WARN_UNINITIALIZED_AUTOS = YES_AGGRESSIVE;
				GCC_WARN_UNUSED_FUNCTION = YES;
				GCC_WARN_UNUSED_VARIABLE = YES;
				IPHONEOS_DEPLOYMENT_TARGET = 9.3;
				MTL_ENABLE_DEBUG_INFO = YES;
				ONLY_ACTIVE_ARCH = YES;
				SDKROOT = iphoneos;
				SWIFT_OPTIMIZATION_LEVEL = "-Onone";
			};
			name = Debug;
		};
		B76513181D166F41004CC145 /* Release */ = {
			isa = XCBuildConfiguration;
			buildSettings = {
				ALWAYS_SEARCH_USER_PATHS = NO;
				CLANG_ANALYZER_NONNULL = YES;
				CLANG_CXX_LANGUAGE_STANDARD = "gnu++0x";
				CLANG_CXX_LIBRARY = "libc++";
				CLANG_ENABLE_MODULES = YES;
				CLANG_ENABLE_OBJC_ARC = YES;
				CLANG_WARN_BOOL_CONVERSION = YES;
				CLANG_WARN_CONSTANT_CONVERSION = YES;
				CLANG_WARN_DIRECT_OBJC_ISA_USAGE = YES_ERROR;
				CLANG_WARN_EMPTY_BODY = YES;
				CLANG_WARN_ENUM_CONVERSION = YES;
				CLANG_WARN_INT_CONVERSION = YES;
				CLANG_WARN_OBJC_ROOT_CLASS = YES_ERROR;
				CLANG_WARN_UNREACHABLE_CODE = YES;
				CLANG_WARN__DUPLICATE_METHOD_MATCH = YES;
				"CODE_SIGN_IDENTITY[sdk=iphoneos*]" = "iPhone Developer";
				COPY_PHASE_STRIP = NO;
				DEBUG_INFORMATION_FORMAT = "dwarf-with-dsym";
				ENABLE_NS_ASSERTIONS = NO;
				ENABLE_STRICT_OBJC_MSGSEND = YES;
				GCC_C_LANGUAGE_STANDARD = gnu99;
				GCC_NO_COMMON_BLOCKS = YES;
				GCC_WARN_64_TO_32_BIT_CONVERSION = YES;
				GCC_WARN_ABOUT_RETURN_TYPE = YES_ERROR;
				GCC_WARN_UNDECLARED_SELECTOR = YES;
				GCC_WARN_UNINITIALIZED_AUTOS = YES_AGGRESSIVE;
				GCC_WARN_UNUSED_FUNCTION = YES;
				GCC_WARN_UNUSED_VARIABLE = YES;
				IPHONEOS_DEPLOYMENT_TARGET = 9.3;
				MTL_ENABLE_DEBUG_INFO = NO;
				SDKROOT = iphoneos;
				VALIDATE_PRODUCT = YES;
			};
			name = Release;
		};
		B765131A1D166F41004CC145 /* Debug */ = {
			isa = XCBuildConfiguration;
			buildSettings = {
				ASSETCATALOG_COMPILER_APPICON_NAME = AppIcon;
				INFOPLIST_FILE = LightBulb/Info.plist;
				LD_RUNPATH_SEARCH_PATHS = "$(inherited) @executable_path/Frameworks";
				PRODUCT_BUNDLE_IDENTIFIER = com.flatironschool.LightBulb;
				PRODUCT_NAME = "$(TARGET_NAME)";
				SWIFT_VERSION = 3.0;
			};
			name = Debug;
		};
		B765131B1D166F41004CC145 /* Release */ = {
			isa = XCBuildConfiguration;
			buildSettings = {
				ASSETCATALOG_COMPILER_APPICON_NAME = AppIcon;
				INFOPLIST_FILE = LightBulb/Info.plist;
				LD_RUNPATH_SEARCH_PATHS = "$(inherited) @executable_path/Frameworks";
				PRODUCT_BUNDLE_IDENTIFIER = com.flatironschool.LightBulb;
				PRODUCT_NAME = "$(TARGET_NAME)";
				SWIFT_VERSION = 3.0;
			};
			name = Release;
		};
/* End XCBuildConfiguration section */

/* Begin XCConfigurationList section */
		B76513021D166F41004CC145 /* Build configuration list for PBXProject "LightBulb" */ = {
			isa = XCConfigurationList;
			buildConfigurations = (
				B76513171D166F41004CC145 /* Debug */,
				B76513181D166F41004CC145 /* Release */,
			);
			defaultConfigurationIsVisible = 0;
			defaultConfigurationName = Release;
		};
		B76513191D166F41004CC145 /* Build configuration list for PBXNativeTarget "LightBulb" */ = {
			isa = XCConfigurationList;
			buildConfigurations = (
				B765131A1D166F41004CC145 /* Debug */,
				B765131B1D166F41004CC145 /* Release */,
			);
			defaultConfigurationIsVisible = 0;
			defaultConfigurationName = Release;
		};
/* End XCConfigurationList section */
	};
	rootObject = B76512FF1D166F41004CC145 /* Project object */;
}
